
Microsoft Visual Studio Solution File, Format Version 12.00
# Visual Studio 15
VisualStudioVersion = 15.0.27703.2000
MinimumVisualStudioVersion = 10.0.40219.1
Project("{FAE04EC0-301F-11D3-BF4B-00C04F79EFBC}") = "SPAforTest", "SPAforTest\SPAforTest.csproj", "{3C5FF37A-53D5-485D-9F50-E98747E5EB49}"
EndProject
Global
	GlobalSection(SolutionConfigurationPlatforms) = preSolution
		Debug|Any CPU = Debug|Any CPU
		Release|Any CPU = Release|Any CPU
	EndGlobalSection
	GlobalSection(ProjectConfigurationPlatforms) = postSolution
		{3C5FF37A-53D5-485D-9F50-E98747E5EB49}.Debug|Any CPU.ActiveCfg = Debug|Any CPU
		{3C5FF37A-53D5-485D-9F50-E98747E5EB49}.Debug|Any CPU.Build.0 = Debug|Any CPU
		{3C5FF37A-53D5-485D-9F50-E98747E5EB49}.Release|Any CPU.ActiveCfg = Release|Any CPU
		{3C5FF37A-53D5-485D-9F50-E98747E5EB49}.Release|Any CPU.Build.0 = Release|Any CPU
	EndGlobalSection
	GlobalSection(SolutionProperties) = preSolution
		HideSolutionNode = FALSE
	EndGlobalSection
	GlobalSection(ExtensibilityGlobals) = postSolution
		SolutionGuid = {14EAF06F-3367-4710-A311-C288C80E3DE3}
	EndGlobalSection
EndGlobal
